
Microsoft Visual Studio Solution File, Format Version 11.00
# Visual Studio 2010
Project("{FAE04EC0-301F-11D3-BF4B-00C04F79EFBC}") = "PhotonUnityNetworking.Utilities", "PhotonUnityNetworking.Utilities.csproj", "{7DC8EB6A-F4E5-BB46-E5C0-8C3AD64718AE}"
EndProject
Project("{FAE04EC0-301F-11D3-BF4B-00C04F79EFBC}") = "Assembly-CSharp", "Assembly-CSharp.csproj", "{A300B243-0EF3-6298-41F3-DC502A79A6B3}"
EndProject
Project("{FAE04EC0-301F-11D3-BF4B-00C04F79EFBC}") = "PhotonVoice.API", "PhotonVoice.API.csproj", "{259DAFF2-E23C-3520-5068-1E8C320624E7}"
EndProject
Project("{FAE04EC0-301F-11D3-BF4B-00C04F79EFBC}") = "PhotonVoice", "PhotonVoice.csproj", "{0AE915DE-EF9E-A3D7-C1F2-5DED88F2B3B5}"
EndProject
Project("{FAE04EC0-301F-11D3-BF4B-00C04F79EFBC}") = "PhotonUnityNetworking", "PhotonUnityNetworking.csproj", "{4D1FEACE-34C8-DA12-5586-58161578C119}"
EndProject
Project("{FAE04EC0-301F-11D3-BF4B-00C04F79EFBC}") = "PhotonChat", "PhotonChat.csproj", "{244EC6E5-EC80-D7E8-717B-BD410E9A3ACA}"
EndProject
Project("{FAE04EC0-301F-11D3-BF4B-00C04F79EFBC}") = "PhotonRealtime", "PhotonRealtime.csproj", "{26F007CB-FC5C-034E-E368-2E8364BD017E}"
EndProject
Project("{FAE04EC0-301F-11D3-BF4B-00C04F79EFBC}") = "PhotonVoice.PUN", "PhotonVoice.PUN.csproj", "{86E757D2-2FC7-EBB5-DDDC-3F4BA2A81C00}"
EndProject
Project("{FAE04EC0-301F-11D3-BF4B-00C04F79EFBC}") = "PhotonUnityNetworking.Editor", "PhotonUnityNetworking.Editor.csproj", "{14AB55B8-4182-A05C-AC6E-49FFEBE6ACA9}"
EndProject
Project("{FAE04EC0-301F-11D3-BF4B-00C04F79EFBC}") = "PhotonVoice.Editor", "PhotonVoice.Editor.csproj", "{835F6C48-D996-B0C8-5813-FDCDD9332561}"
EndProject
Project("{FAE04EC0-301F-11D3-BF4B-00C04F79EFBC}") = "PhotonUnityNetworking.Utilities.PhotonPlayer.Editor", "PhotonUnityNetworking.Utilities.PhotonPlayer.Editor.csproj", "{076AA4FB-1FF8-5228-6FA5-B84528D8F81D}"
EndProject
Project("{FAE04EC0-301F-11D3-BF4B-00C04F79EFBC}") = "PhotonUnityNetworking.Utilities.Culling.Editor", "PhotonUnityNetworking.Utilities.Culling.Editor.csproj", "{7F20CD0F-7934-D296-A600-8E1447ADDCD8}"
EndProject
Project("{FAE04EC0-301F-11D3-BF4B-00C04F79EFBC}") = "PhotonVoice.Utilities.Editor", "PhotonVoice.Utilities.Editor.csproj", "{32449E66-AFC0-E751-01D8-D0E6E0AB294F}"
EndProject
Project("{FAE04EC0-301F-11D3-BF4B-00C04F79EFBC}") = "PhotonVoice.PUN.Editor", "PhotonVoice.PUN.Editor.csproj", "{15F988F4-598B-2CCA-C92D-93C5BDAD6AD9}"
EndProject
Global
	GlobalSection(SolutionConfigurationPlatforms) = preSolution
		Debug|Any CPU = Debug|Any CPU
		Release|Any CPU = Release|Any CPU
	EndGlobalSection
	GlobalSection(ProjectConfigurationPlatforms) = postSolution
		{7DC8EB6A-F4E5-BB46-E5C0-8C3AD64718AE}.Debug|Any CPU.ActiveCfg = Debug|Any CPU
		{7DC8EB6A-F4E5-BB46-E5C0-8C3AD64718AE}.Debug|Any CPU.Build.0 = Debug|Any CPU
		{7DC8EB6A-F4E5-BB46-E5C0-8C3AD64718AE}.Release|Any CPU.ActiveCfg = Release|Any CPU
		{7DC8EB6A-F4E5-BB46-E5C0-8C3AD64718AE}.Release|Any CPU.Build.0 = Release|Any CPU
		{A300B243-0EF3-6298-41F3-DC502A79A6B3}.Debug|Any CPU.ActiveCfg = Debug|Any CPU
		{A300B243-0EF3-6298-41F3-DC502A79A6B3}.Debug|Any CPU.Build.0 = Debug|Any CPU
		{A300B243-0EF3-6298-41F3-DC502A79A6B3}.Release|Any CPU.ActiveCfg = Release|Any CPU
		{A300B243-0EF3-6298-41F3-DC502A79A6B3}.Release|Any CPU.Build.0 = Release|Any CPU
		{259DAFF2-E23C-3520-5068-1E8C320624E7}.Debug|Any CPU.ActiveCfg = Debug|Any CPU
		{259DAFF2-E23C-3520-5068-1E8C320624E7}.Debug|Any CPU.Build.0 = Debug|Any CPU
		{259DAFF2-E23C-3520-5068-1E8C320624E7}.Release|Any CPU.ActiveCfg = Release|Any CPU
		{259DAFF2-E23C-3520-5068-1E8C320624E7}.Release|Any CPU.Build.0 = Release|Any CPU
		{0AE915DE-EF9E-A3D7-C1F2-5DED88F2B3B5}.Debug|Any CPU.ActiveCfg = Debug|Any CPU
		{0AE915DE-EF9E-A3D7-C1F2-5DED88F2B3B5}.Debug|Any CPU.Build.0 = Debug|Any CPU
		{0AE915DE-EF9E-A3D7-C1F2-5DED88F2B3B5}.Release|Any CPU.ActiveCfg = Release|Any CPU
		{0AE915DE-EF9E-A3D7-C1F2-5DED88F2B3B5}.Release|Any CPU.Build.0 = Release|Any CPU
		{4D1FEACE-34C8-DA12-5586-58161578C119}.Debug|Any CPU.ActiveCfg = Debug|Any CPU
		{4D1FEACE-34C8-DA12-5586-58161578C119}.Debug|Any CPU.Build.0 = Debug|Any CPU
		{4D1FEACE-34C8-DA12-5586-58161578C119}.Release|Any CPU.ActiveCfg = Release|Any CPU
		{4D1FEACE-34C8-DA12-5586-58161578C119}.Release|Any CPU.Build.0 = Release|Any CPU
		{244EC6E5-EC80-D7E8-717B-BD410E9A3ACA}.Debug|Any CPU.ActiveCfg = Debug|Any CPU
		{244EC6E5-EC80-D7E8-717B-BD410E9A3ACA}.Debug|Any CPU.Build.0 = Debug|Any CPU
		{244EC6E5-EC80-D7E8-717B-BD410E9A3ACA}.Release|Any CPU.ActiveCfg = Release|Any CPU
		{244EC6E5-EC80-D7E8-717B-BD410E9A3ACA}.Release|Any CPU.Build.0 = Release|Any CPU
		{26F007CB-FC5C-034E-E368-2E8364BD017E}.Debug|Any CPU.ActiveCfg = Debug|Any CPU
		{26F007CB-FC5C-034E-E368-2E8364BD017E}.Debug|Any CPU.Build.0 = Debug|Any CPU
		{26F007CB-FC5C-034E-E368-2E8364BD017E}.Release|Any CPU.ActiveCfg = Release|Any CPU
		{26F007CB-FC5C-034E-E368-2E8364BD017E}.Release|Any CPU.Build.0 = Release|Any CPU
		{86E757D2-2FC7-EBB5-DDDC-3F4BA2A81C00}.Debug|Any CPU.ActiveCfg = Debug|Any CPU
		{86E757D2-2FC7-EBB5-DDDC-3F4BA2A81C00}.Debug|Any CPU.Build.0 = Debug|Any CPU
		{86E757D2-2FC7-EBB5-DDDC-3F4BA2A81C00}.Release|Any CPU.ActiveCfg = Release|Any CPU
		{86E757D2-2FC7-EBB5-DDDC-3F4BA2A81C00}.Release|Any CPU.Build.0 = Release|Any CPU
		{14AB55B8-4182-A05C-AC6E-49FFEBE6ACA9}.Debug|Any CPU.ActiveCfg = Debug|Any CPU
		{14AB55B8-4182-A05C-AC6E-49FFEBE6ACA9}.Debug|Any CPU.Build.0 = Debug|Any CPU
		{14AB55B8-4182-A05C-AC6E-49FFEBE6ACA9}.Release|Any CPU.ActiveCfg = Release|Any CPU
		{14AB55B8-4182-A05C-AC6E-49FFEBE6ACA9}.Release|Any CPU.Build.0 = Release|Any CPU
		{835F6C48-D996-B0C8-5813-FDCDD9332561}.Debug|Any CPU.ActiveCfg = Debug|Any CPU
		{835F6C48-D996-B0C8-5813-FDCDD9332561}.Debug|Any CPU.Build.0 = Debug|Any CPU
		{835F6C48-D996-B0C8-5813-FDCDD9332561}.Release|Any CPU.ActiveCfg = Release|Any CPU
		{835F6C48-D996-B0C8-5813-FDCDD9332561}.Release|Any CPU.Build.0 = Release|Any CPU
		{076AA4FB-1FF8-5228-6FA5-B84528D8F81D}.Debug|Any CPU.ActiveCfg = Debug|Any CPU
		{076AA4FB-1FF8-5228-6FA5-B84528D8F81D}.Debug|Any CPU.Build.0 = Debug|Any CPU
		{076AA4FB-1FF8-5228-6FA5-B84528D8F81D}.Release|Any CPU.ActiveCfg = Release|Any CPU
		{076AA4FB-1FF8-5228-6FA5-B84528D8F81D}.Release|Any CPU.Build.0 = Release|Any CPU
		{7F20CD0F-7934-D296-A600-8E1447ADDCD8}.Debug|Any CPU.ActiveCfg = Debug|Any CPU
		{7F20CD0F-7934-D296-A600-8E1447ADDCD8}.Debug|Any CPU.Build.0 = Debug|Any CPU
		{7F20CD0F-7934-D296-A600-8E1447ADDCD8}.Release|Any CPU.ActiveCfg = Release|Any CPU
		{7F20CD0F-7934-D296-A600-8E1447ADDCD8}.Release|Any CPU.Build.0 = Release|Any CPU
		{32449E66-AFC0-E751-01D8-D0E6E0AB294F}.Debug|Any CPU.ActiveCfg = Debug|Any CPU
		{32449E66-AFC0-E751-01D8-D0E6E0AB294F}.Debug|Any CPU.Build.0 = Debug|Any CPU
		{32449E66-AFC0-E751-01D8-D0E6E0AB294F}.Release|Any CPU.ActiveCfg = Release|Any CPU
		{32449E66-AFC0-E751-01D8-D0E6E0AB294F}.Release|Any CPU.Build.0 = Release|Any CPU
		{15F988F4-598B-2CCA-C92D-93C5BDAD6AD9}.Debug|Any CPU.ActiveCfg = Debug|Any CPU
		{15F988F4-598B-2CCA-C92D-93C5BDAD6AD9}.Debug|Any CPU.Build.0 = Debug|Any CPU
		{15F988F4-598B-2CCA-C92D-93C5BDAD6AD9}.Release|Any CPU.ActiveCfg = Release|Any CPU
		{15F988F4-598B-2CCA-C92D-93C5BDAD6AD9}.Release|Any CPU.Build.0 = Release|Any CPU
	EndGlobalSection
	GlobalSection(SolutionProperties) = preSolution
		HideSolutionNode = FALSE
	EndGlobalSection
EndGlobal
